version: 2.0
shards:
  bindata:
    git: https://github.com/spider-gazelle/bindata.git
    version: 2.1.0

  crest:
    git: https://github.com/mamantoha/crest.git
    version: 1.5.1

  google-auth:
    git: https://github.com/cyangle/google-auth.git
    version: 0.1.1

  http-client-digest_auth:
    git: https://github.com/mamantoha/http-client-digest_auth.git
    version: 0.6.0

  http_proxy:
    git: https://github.com/mamantoha/http_proxy.git
    version: 0.13.0

  jwt:
    git: https://github.com/crystal-community/jwt.git
    version: 1.6.1

  openssl_ext:
    git: https://github.com/spider-gazelle/openssl_ext.git
    version: 2.4.4

